
Microsoft Visual Studio Solution File, Format Version 11.00
# Visual Studio 2010
Project("{FAE04EC0-301F-11D3-BF4B-00C04F79EFBC}") = "RegistroATM", "RegistroATM\RegistroATM.csproj", "{5B41EDC5-6DDB-4D34-A84F-776593ABA231}"
EndProject
Project("{FAE04EC0-301F-11D3-BF4B-00C04F79EFBC}") = "RegistroATM.Tests", "RegistroATM.Tests\RegistroATM.Tests.csproj", "{B83078A7-835D-46A1-9361-700312153060}"
EndProject
Global
	GlobalSection(SolutionConfigurationPlatforms) = preSolution
		Debug|Any CPU = Debug|Any CPU
		Release|Any CPU = Release|Any CPU
	EndGlobalSection
	GlobalSection(ProjectConfigurationPlatforms) = postSolution
		{5B41EDC5-6DDB-4D34-A84F-776593ABA231}.Debug|Any CPU.ActiveCfg = Debug|Any CPU
		{5B41EDC5-6DDB-4D34-A84F-776593ABA231}.Debug|Any CPU.Build.0 = Debug|Any CPU
		{5B41EDC5-6DDB-4D34-A84F-776593ABA231}.Release|Any CPU.ActiveCfg = Release|Any CPU
		{5B41EDC5-6DDB-4D34-A84F-776593ABA231}.Release|Any CPU.Build.0 = Release|Any CPU
		{B83078A7-835D-46A1-9361-700312153060}.Debug|Any CPU.ActiveCfg = Debug|Any CPU
		{B83078A7-835D-46A1-9361-700312153060}.Debug|Any CPU.Build.0 = Debug|Any CPU
		{B83078A7-835D-46A1-9361-700312153060}.Release|Any CPU.ActiveCfg = Release|Any CPU
		{B83078A7-835D-46A1-9361-700312153060}.Release|Any CPU.Build.0 = Release|Any CPU
	EndGlobalSection
	GlobalSection(SolutionProperties) = preSolution
		HideSolutionNode = FALSE
	EndGlobalSection
EndGlobal
